// !$*UTF8*$!
{
	archiveVersion = 1;
	classes = {
	};
	objectVersion = 48;
	objects = {

/* Begin PBXBuildFile section */
		8B516CBB1EF3CD4D00BC2808 /* AppDelegate.swift in Sources */ = {isa = PBXBuildFile; fileRef = 8B516CBA1EF3CD4D00BC2808 /* AppDelegate.swift */; };
		8B516CBD1EF3CD4D00BC2808 /* ViewController.swift in Sources */ = {isa = PBXBuildFile; fileRef = 8B516CBC1EF3CD4D00BC2808 /* ViewController.swift */; };
		8B516CC01EF3CD4D00BC2808 /* Main.storyboard in Resources */ = {isa = PBXBuildFile; fileRef = 8B516CBE1EF3CD4D00BC2808 /* Main.storyboard */; };
		8B516CC21EF3CD4D00BC2808 /* Assets.xcassets in Resources */ = {isa = PBXBuildFile; fileRef = 8B516CC11EF3CD4D00BC2808 /* Assets.xcassets */; };
		8B516CC51EF3CD4D00BC2808 /* LaunchScreen.storyboard in Resources */ = {isa = PBXBuildFile; fileRef = 8B516CC31EF3CD4D00BC2808 /* LaunchScreen.storyboard */; };
		8BB2358E1EF52F4000AE7CD2 /* Flowers.mlmodel in Sources */ = {isa = PBXBuildFile; fileRef = 8BB2358D1EF52F3A00AE7CD2 /* Flowers.mlmodel */; };
/* End PBXBuildFile section */

/* Begin PBXFileReference section */
		8B516CB71EF3CD4D00BC2808 /* Intermediate Core ML.app */ = {isa = PBXFileReference; explicitFileType = wrapper.application; includeInIndex = 0; path = "Intermediate Core ML.app"; sourceTree = BUILT_PRODUCTS_DIR; };
		8B516CBA1EF3CD4D00BC2808 /* AppDelegate.swift */ = {isa = PBXFileReference; lastKnownFileType = sourcecode.swift; path = AppDelegate.swift; sourceTree = "<group>"; };
		8B516CBC1EF3CD4D00BC2808 /* ViewController.swift */ = {isa = PBXFileReference; lastKnownFileType = sourcecode.swift; path = ViewController.swift; sourceTree = "<group>"; };
		8B516CBF1EF3CD4D00BC2808 /* Base */ = {isa = PBXFileReference; lastKnownFileType = file.storyboard; name = Base; path = Base.lproj/Main.storyboard; sourceTree = "<group>"; };
		8B516CC11EF3CD4D00BC2808 /* Assets.xcassets */ = {isa = PBXFileReference; lastKnownFileType = folder.assetcatalog; path = Assets.xcassets; sourceTree = "<group>"; };
		8B516CC41EF3CD4D00BC2808 /* Base */ = {isa = PBXFileReference; lastKnownFileType = file.storyboard; name = Base; path = Base.lproj/LaunchScreen.storyboard; sourceTree = "<group>"; };
		8B516CC61EF3CD4D00BC2808 /* Info.plist */ = {isa = PBXFileReference; lastKnownFileType = text.plist.xml; path = Info.plist; sourceTree = "<group>"; };
		8BB2358D1EF52F3A00AE7CD2 /* Flowers.mlmodel */ = {isa = PBXFileReference; lastKnownFileType = file.mlmodel; path = Flowers.mlmodel; sourceTree = "<group>"; };
/* End PBXFileReference section */

/* Begin PBXFrameworksBuildPhase section */
		8B516CB41EF3CD4D00BC2808 /* Frameworks */ = {
			isa = PBXFrameworksBuildPhase;
			buildActionMask = 2147483647;
			files = (
			);
			runOnlyForDeploymentPostprocessing = 0;
		};
/* End PBXFrameworksBuildPhase section */

/* Begin PBXGroup section */
		8B516CAE1EF3CD4D00BC2808 = {
			isa = PBXGroup;
			children = (
				8BB2358D1EF52F3A00AE7CD2 /* Flowers.mlmodel */,
				8B516CB91EF3CD4D00BC2808 /* Intermediate Core ML */,
				8B516CB81EF3CD4D00BC2808 /* Products */,
			);
			sourceTree = "<group>";
		};
		8B516CB81EF3CD4D00BC2808 /* Products */ = {
			isa = PBXGroup;
			children = (
				8B516CB71EF3CD4D00BC2808 /* Intermediate Core ML.app */,
			);
			name = Products;
			sourceTree = "<group>";
		};
		8B516CB91EF3CD4D00BC2808 /* Intermediate Core ML */ = {
			isa = PBXGroup;
			children = (
				8B516CBA1EF3CD4D00BC2808 /* AppDelegate.swift */,
				8B516CBC1EF3CD4D00BC2808 /* ViewController.swift */,
				8B516CBE1EF3CD4D00BC2808 /* Main.storyboard */,
				8B516CC11EF3CD4D00BC2808 /* Assets.xcassets */,
				8B516CC31EF3CD4D00BC2808 /* LaunchScreen.storyboard */,
				8B516CC61EF3CD4D00BC2808 /* Info.plist */,
			);
			path = "Intermediate Core ML";
			sourceTree = "<group>";
		};
/* End PBXGroup section */

/* Begin PBXNativeTarget section */
		8B516CB61EF3CD4D00BC2808 /* Intermediate Core ML */ = {
			isa = PBXNativeTarget;
			buildConfigurationList = 8B516CC91EF3CD4D00BC2808 /* Build configuration list for PBXNativeTarget "Intermediate Core ML" */;
			buildPhases = (
				8B516CB31EF3CD4D00BC2808 /* Sources */,
				8B516CB41EF3CD4D00BC2808 /* Frameworks */,
				8B516CB51EF3CD4D00BC2808 /* Resources */,
			);
			buildRules = (
			);
			dependencies = (
			);
			name = "Intermediate Core ML";
			productName = "Intermediate Core ML";
			productReference = 8B516CB71EF3CD4D00BC2808 /* Intermediate Core ML.app */;
			productType = "com.apple.product-type.application";
		};
/* End PBXNativeTarget section */

/* Begin PBXProject section */
		8B516CAF1EF3CD4D00BC2808 /* Project object */ = {
			isa = PBXProject;
			attributes = {
				LastSwiftUpdateCheck = 0900;
				LastUpgradeCheck = 0900;
				ORGANIZATIONNAME = AppCoda;
				TargetAttributes = {
					8B516CB61EF3CD4D00BC2808 = {
						CreatedOnToolsVersion = 9.0;
					};
				};
			};
			buildConfigurationList = 8B516CB21EF3CD4D00BC2808 /* Build configuration list for PBXProject "Intermediate Core ML" */;
			compatibilityVersion = "Xcode 8.0";
			developmentRegion = en;
			hasScannedForEncodings = 0;
			knownRegions = (
				en,
				Base,
			);
			mainGroup = 8B516CAE1EF3CD4D00BC2808;
			productRefGroup = 8B516CB81EF3CD4D00BC2808 /* Products */;
			projectDirPath = "";
			projectRoot = "";
			targets = (
				8B516CB61EF3CD4D00BC2808 /* Intermediate Core ML */,
			);
		};
/* End PBXProject section */

/* Begin PBXResourcesBuildPhase section */
		8B516CB51EF3CD4D00BC2808 /* Resources */ = {
			isa = PBXResourcesBuildPhase;
			buildActionMask = 2147483647;
			files = (
				8B516CC51EF3CD4D00BC2808 /* LaunchScreen.storyboard in Resources */,
				8B516CC21EF3CD4D00BC2808 /* Assets.xcassets in Resources */,
				8B516CC01EF3CD4D00BC2808 /* Main.storyboard in Resources */,
			);
			runOnlyForDeploymentPostprocessing = 0;
		};
/* End PBXResourcesBuildPhase section */

/* Begin PBXSourcesBuildPhase section */
		8B516CB31EF3CD4D00BC2808 /* Sources */ = {
			isa = PBXSourcesBuildPhase;
			buildActionMask = 2147483647;
			files = (
				8B516CBD1EF3CD4D00BC2808 /* ViewController.swift in Sources */,
				8BB2358E1EF52F4000AE7CD2 /* Flowers.mlmodel in Sources */,
				8B516CBB1EF3CD4D00BC2808 /* AppDelegate.swift in Sources */,
			);
			runOnlyForDeploymentPostprocessing = 0;
		};
/* End PBXSourcesBuildPhase section */

/* Begin PBXVariantGroup section */
		8B516CBE1EF3CD4D00BC2808 /* Main.storyboard */ = {
			isa = PBXVariantGroup;
			children = (
				8B516CBF1EF3CD4D00BC2808 /* Base */,
			);
			name = Main.storyboard;
			sourceTree = "<group>";
		};
		8B516CC31EF3CD4D00BC2808 /* LaunchScreen.storyboard */ = {
			isa = PBXVariantGroup;
			children = (
				8B516CC41EF3CD4D00BC2808 /* Base */,
			);
			name = LaunchScreen.storyboard;
			sourceTree = "<group>";
		};
/* End PBXVariantGroup section */

/* Begin XCBuildConfiguration section */
		8B516CC71EF3CD4D00BC2808 /* Debug */ = {
			isa = XCBuildConfiguration;
			buildSettings = {
				ALWAYS_SEARCH_USER_PATHS = NO;
				CLANG_ANALYZER_NONNULL = YES;
				CLANG_ANALYZER_NUMBER_OBJECT_CONVERSION = YES_AGGRESSIVE;
				CLANG_CXX_LANGUAGE_STANDARD = "gnu++14";
				CLANG_CXX_LIBRARY = "libc++";
				CLANG_ENABLE_MODULES = YES;
				CLANG_ENABLE_OBJC_ARC = YES;
				CLANG_WARN_BLOCK_CAPTURE_AUTORELEASING = YES;
				CLANG_WARN_BOOL_CONVERSION = YES;
				CLANG_WARN_COMMA = YES;
				CLANG_WARN_CONSTANT_CONVERSION = YES;
				CLANG_WARN_DIRECT_OBJC_ISA_USAGE = YES_ERROR;
				CLANG_WARN_DOCUMENTATION_COMMENTS = YES;
				CLANG_WARN_EMPTY_BODY = YES;
				CLANG_WARN_ENUM_CONVERSION = YES;
				CLANG_WARN_INFINITE_RECURSION = YES;
				CLANG_WARN_INT_CONVERSION = YES;
				CLANG_WARN_OBJC_ROOT_CLASS = YES_ERROR;
				CLANG_WARN_RANGE_LOOP_ANALYSIS = YES;
				CLANG_WARN_STRICT_PROTOTYPES = YES;
				CLANG_WARN_SUSPICIOUS_MOVE = YES;
				CLANG_WARN_UNGUARDED_AVAILABILITY = YES_AGGRESSIVE;
				CLANG_WARN_UNREACHABLE_CODE = YES;
				CLANG_WARN__DUPLICATE_METHOD_MATCH = YES;
				CODE_SIGN_IDENTITY = "iPhone Developer";
				COPY_PHASE_STRIP = NO;
				DEBUG_INFORMATION_FORMAT = dwarf;
				ENABLE_STRICT_OBJC_MSGSEND = YES;
				ENABLE_TESTABILITY = YES;
				GCC_C_LANGUAGE_STANDARD = gnu11;
				GCC_DYNAMIC_NO_PIC = NO;
				GCC_NO_COMMON_BLOCKS = YES;
				GCC_OPTIMIZATION_LEVEL = 0;
				GCC_PREPROCESSOR_DEFINITIONS = (
					"DEBUG=1",
					"$(inherited)",
				);
				GCC_WARN_64_TO_32_BIT_CONVERSION = YES;
				GCC_WARN_ABOUT_RETURN_TYPE = YES_ERROR;
				GCC_WARN_UNDECLARED_SELECTOR = YES;
				GCC_WARN_UNINITIALIZED_AUTOS = YES_AGGRESSIVE;
				GCC_WARN_UNUSED_FUNCTION = YES;
				GCC_WARN_UNUSED_VARIABLE = YES;
				IPHONEOS_DEPLOYMENT_TARGET = 11.0;
				MTL_ENABLE_DEBUG_INFO = YES;
				ONLY_ACTIVE_ARCH = YES;
				SDKROOT = iphoneos;
				SWIFT_ACTIVE_COMPILATION_CONDITIONS = DEBUG;
				SWIFT_OPTIMIZATION_LEVEL = "-Onone";
			};
			name = Debug;
		};
		8B516CC81EF3CD4D00BC2808 /* Release */ = {
			isa = XCBuildConfiguration;
			buildSettings = {
				ALWAYS_SEARCH_USER_PATHS = NO;
				CLANG_ANALYZER_NONNULL = YES;
				CLANG_ANALYZER_NUMBER_OBJECT_CONVERSION = YES_AGGRESSIVE;
				CLANG_CXX_LANGUAGE_STANDARD = "gnu++14";
				CLANG_CXX_LIBRARY = "libc++";
				CLANG_ENABLE_MODULES = YES;
				CLANG_ENABLE_OBJC_ARC = YES;
				CLANG_WARN_BLOCK_CAPTURE_AUTORELEASING = YES;
				CLANG_WARN_BOOL_CONVERSION = YES;
				CLANG_WARN_COMMA = YES;
				CLANG_WARN_CONSTANT_CONVERSION = YES;
				CLANG_WARN_DIRECT_OBJC_ISA_USAGE = YES_ERROR;
				CLANG_WARN_DOCUMENTATION_COMMENTS = YES;
				CLANG_WARN_EMPTY_BODY = YES;
				CLANG_WARN_ENUM_CONVERSION = YES;
				CLANG_WARN_INFINITE_RECURSION = YES;
				CLANG_WARN_INT_CONVERSION = YES;
				CLANG_WARN_OBJC_ROOT_CLASS = YES_ERROR;
				CLANG_WARN_RANGE_LOOP_ANALYSIS = YES;
				CLANG_WARN_STRICT_PROTOTYPES = YES;
				CLANG_WARN_SUSPICIOUS_MOVE = YES;
				CLANG_WARN_UNGUARDED_AVAILABILITY = YES_AGGRESSIVE;
				CLANG_WARN_UNREACHABLE_CODE = YES;
				CLANG_WARN__DUPLICATE_METHOD_MATCH = YES;
				CODE_SIGN_IDENTITY = "iPhone Developer";
				COPY_PHASE_STRIP = NO;
				DEBUG_INFORMATION_FORMAT = "dwarf-with-dsym";
				ENABLE_NS_ASSERTIONS = NO;
				ENABLE_STRICT_OBJC_MSGSEND = YES;
				GCC_C_LANGUAGE_STANDARD = gnu11;
				GCC_NO_COMMON_BLOCKS = YES;
				GCC_WARN_64_TO_32_BIT_CONVERSION = YES;
				GCC_WARN_ABOUT_RETURN_TYPE = YES_ERROR;
				GCC_WARN_UNDECLARED_SELECTOR = YES;
				GCC_WARN_UNINITIALIZED_AUTOS = YES_AGGRESSIVE;
				GCC_WARN_UNUSED_FUNCTION = YES;
				GCC_WARN_UNUSED_VARIABLE = YES;
				IPHONEOS_DEPLOYMENT_TARGET = 11.0;
				MTL_ENABLE_DEBUG_INFO = NO;
				SDKROOT = iphoneos;
				SWIFT_OPTIMIZATION_LEVEL = "-Owholemodule";
				VALIDATE_PRODUCT = YES;
			};
			name = Release;
		};
		8B516CCA1EF3CD4D00BC2808 /* Debug */ = {
			isa = XCBuildConfiguration;
			buildSettings = {
				ASSETCATALOG_COMPILER_APPICON_NAME = AppIcon;
				INFOPLIST_FILE = "Intermediate Core ML/Info.plist";
				LD_RUNPATH_SEARCH_PATHS = "$(inherited) @executable_path/Frameworks";
				PRODUCT_BUNDLE_IDENTIFIER = "com.AppCoda.Intermediate-Core-ML";
				PRODUCT_NAME = "$(TARGET_NAME)";
				SWIFT_VERSION = 4.0;
				TARGETED_DEVICE_FAMILY = "1,2";
			};
			name = Debug;
		};
		8B516CCB1EF3CD4D00BC2808 /* Release */ = {
			isa = XCBuildConfiguration;
			buildSettings = {
				ASSETCATALOG_COMPILER_APPICON_NAME = AppIcon;
				INFOPLIST_FILE = "Intermediate Core ML/Info.plist";
				LD_RUNPATH_SEARCH_PATHS = "$(inherited) @executable_path/Frameworks";
				PRODUCT_BUNDLE_IDENTIFIER = "com.AppCoda.Intermediate-Core-ML";
				PRODUCT_NAME = "$(TARGET_NAME)";
				SWIFT_VERSION = 4.0;
				TARGETED_DEVICE_FAMILY = "1,2";
			};
			name = Release;
		};
/* End XCBuildConfiguration section */

/* Begin XCConfigurationList section */
		8B516CB21EF3CD4D00BC2808 /* Build configuration list for PBXProject "Intermediate Core ML" */ = {
			isa = XCConfigurationList;
			buildConfigurations = (
				8B516CC71EF3CD4D00BC2808 /* Debug */,
				8B516CC81EF3CD4D00BC2808 /* Release */,
			);
			defaultConfigurationIsVisible = 0;
			defaultConfigurationName = Release;
		};
		8B516CC91EF3CD4D00BC2808 /* Build configuration list for PBXNativeTarget "Intermediate Core ML" */ = {
			isa = XCConfigurationList;
			buildConfigurations = (
				8B516CCA1EF3CD4D00BC2808 /* Debug */,
				8B516CCB1EF3CD4D00BC2808 /* Release */,
			);
			defaultConfigurationIsVisible = 0;
			defaultConfigurationName = Release;
		};
/* End XCConfigurationList section */
	};
	rootObject = 8B516CAF1EF3CD4D00BC2808 /* Project object */;
}
